
Microsoft Visual Studio Solution File, Format Version 12.00
# Visual Studio Version 17
VisualStudioVersion = 17.12.35514.174 d17.12
MinimumVisualStudioVersion = 10.0.40219.1
Project("{FAE04EC0-301F-11D3-BF4B-00C04F79EFBC}") = "WmsApi", "WmsApi.csproj", "{6D0DBC28-E81F-4190-9186-455EBC65AC30}"
EndProject
Project("{FAE04EC0-301F-11D3-BF4B-00C04F79EFBC}") = "WmsClient", "..\WmsClient\WmsClient.csproj", "{0C3D4433-60C0-41AF-B5C9-B19D7BF473C0}"
EndProject
Global
	GlobalSection(SolutionConfigurationPlatforms) = preSolution
		Debug|Any CPU = Debug|Any CPU
		Release|Any CPU = Release|Any CPU
	EndGlobalSection
	GlobalSection(ProjectConfigurationPlatforms) = postSolution
		{6D0DBC28-E81F-4190-9186-455EBC65AC30}.Debug|Any CPU.ActiveCfg = Debug|Any CPU
		{6D0DBC28-E81F-4190-9186-455EBC65AC30}.Debug|Any CPU.Build.0 = Debug|Any CPU
		{6D0DBC28-E81F-4190-9186-455EBC65AC30}.Release|Any CPU.ActiveCfg = Release|Any CPU
		{6D0DBC28-E81F-4190-9186-455EBC65AC30}.Release|Any CPU.Build.0 = Release|Any CPU
		{0C3D4433-60C0-41AF-B5C9-B19D7BF473C0}.Debug|Any CPU.ActiveCfg = Debug|Any CPU
		{0C3D4433-60C0-41AF-B5C9-B19D7BF473C0}.Debug|Any CPU.Build.0 = Debug|Any CPU
		{0C3D4433-60C0-41AF-B5C9-B19D7BF473C0}.Release|Any CPU.ActiveCfg = Release|Any CPU
		{0C3D4433-60C0-41AF-B5C9-B19D7BF473C0}.Release|Any CPU.Build.0 = Release|Any CPU
	EndGlobalSection
	GlobalSection(SolutionProperties) = preSolution
		HideSolutionNode = FALSE
	EndGlobalSection
EndGlobal
